
Microsoft Visual Studio Solution File, Format Version 12.00
# Visual Studio Version 17
VisualStudioVersion = 17.14.36408.4 d17.14
MinimumVisualStudioVersion = 10.0.40219.1
Project("{FAE04EC0-301F-11D3-BF4B-00C04F79EFBC}") = "DevsPark", "DevsPark\DevsPark.csproj", "{0B759DFD-3210-4BB3-9F1E-C8CA64A03852}"
EndProject
Global
	GlobalSection(SolutionConfigurationPlatforms) = preSolution
		Debug|Any CPU = Debug|Any CPU
		Release|Any CPU = Release|Any CPU
	EndGlobalSection
	GlobalSection(ProjectConfigurationPlatforms) = postSolution
		{0B759DFD-3210-4BB3-9F1E-C8CA64A03852}.Debug|Any CPU.ActiveCfg = Debug|Any CPU
		{0B759DFD-3210-4BB3-9F1E-C8CA64A03852}.Debug|Any CPU.Build.0 = Debug|Any CPU
		{0B759DFD-3210-4BB3-9F1E-C8CA64A03852}.Release|Any CPU.ActiveCfg = Release|Any CPU
		{0B759DFD-3210-4BB3-9F1E-C8CA64A03852}.Release|Any CPU.Build.0 = Release|Any CPU
	EndGlobalSection
	GlobalSection(SolutionProperties) = preSolution
		HideSolutionNode = FALSE
	EndGlobalSection
	GlobalSection(ExtensibilityGlobals) = postSolution
		SolutionGuid = {C86913D7-85CD-46ED-8D3D-81959D814FEA}
	EndGlobalSection
EndGlobal
